
Microsoft Visual Studio Solution File, Format Version 12.00
# Visual Studio 15
VisualStudioVersion = 15.0.28010.2003
MinimumVisualStudioVersion = 10.0.40219.1
Project("{FAE04EC0-301F-11D3-BF4B-00C04F79EFBC}") = "project2", "project2\project2.csproj", "{FBF535FC-A692-4E77-89A7-F977B27D91E4}"
EndProject
Global
	GlobalSection(SolutionConfigurationPlatforms) = preSolution
		Debug|Any CPU = Debug|Any CPU
		Release|Any CPU = Release|Any CPU
	EndGlobalSection
	GlobalSection(ProjectConfigurationPlatforms) = postSolution
		{FBF535FC-A692-4E77-89A7-F977B27D91E4}.Debug|Any CPU.ActiveCfg = Debug|Any CPU
		{FBF535FC-A692-4E77-89A7-F977B27D91E4}.Debug|Any CPU.Build.0 = Debug|Any CPU
		{FBF535FC-A692-4E77-89A7-F977B27D91E4}.Release|Any CPU.ActiveCfg = Release|Any CPU
		{FBF535FC-A692-4E77-89A7-F977B27D91E4}.Release|Any CPU.Build.0 = Release|Any CPU
	EndGlobalSection
	GlobalSection(SolutionProperties) = preSolution
		HideSolutionNode = FALSE
	EndGlobalSection
	GlobalSection(ExtensibilityGlobals) = postSolution
		SolutionGuid = {1E932204-0CBB-4E3E-A381-7A7634728A75}
	EndGlobalSection
EndGlobal
