
Microsoft Visual Studio Solution File, Format Version 12.00
# Visual Studio 15
VisualStudioVersion = 15.0.28010.2003
MinimumVisualStudioVersion = 10.0.40219.1
Project("{F184B08F-C81C-45F6-A57F-5ABD9991F28F}") = "homework1.2", "homework1.2\homework1.2.vbproj", "{C4E0C959-4739-4089-9F48-4E0DAC04F3C6}"
EndProject
Global
	GlobalSection(SolutionConfigurationPlatforms) = preSolution
		Debug|Any CPU = Debug|Any CPU
		Release|Any CPU = Release|Any CPU
	EndGlobalSection
	GlobalSection(ProjectConfigurationPlatforms) = postSolution
		{C4E0C959-4739-4089-9F48-4E0DAC04F3C6}.Debug|Any CPU.ActiveCfg = Debug|Any CPU
		{C4E0C959-4739-4089-9F48-4E0DAC04F3C6}.Debug|Any CPU.Build.0 = Debug|Any CPU
		{C4E0C959-4739-4089-9F48-4E0DAC04F3C6}.Release|Any CPU.ActiveCfg = Release|Any CPU
		{C4E0C959-4739-4089-9F48-4E0DAC04F3C6}.Release|Any CPU.Build.0 = Release|Any CPU
	EndGlobalSection
	GlobalSection(SolutionProperties) = preSolution
		HideSolutionNode = FALSE
	EndGlobalSection
	GlobalSection(ExtensibilityGlobals) = postSolution
		SolutionGuid = {2695E8B3-7945-4574-ABE0-38C4EF198B58}
	EndGlobalSection
EndGlobal
