
Microsoft Visual Studio Solution File, Format Version 12.00
# Visual Studio 15
VisualStudioVersion = 15.0.28010.2003
MinimumVisualStudioVersion = 10.0.40219.1
Project("{FAE04EC0-301F-11D3-BF4B-00C04F79EFBC}") = "project3", "project3\project3.csproj", "{521EE5DE-6C69-42FD-9C4D-E1FD8F10B011}"
EndProject
Global
	GlobalSection(SolutionConfigurationPlatforms) = preSolution
		Debug|Any CPU = Debug|Any CPU
		Release|Any CPU = Release|Any CPU
	EndGlobalSection
	GlobalSection(ProjectConfigurationPlatforms) = postSolution
		{521EE5DE-6C69-42FD-9C4D-E1FD8F10B011}.Debug|Any CPU.ActiveCfg = Debug|Any CPU
		{521EE5DE-6C69-42FD-9C4D-E1FD8F10B011}.Debug|Any CPU.Build.0 = Debug|Any CPU
		{521EE5DE-6C69-42FD-9C4D-E1FD8F10B011}.Release|Any CPU.ActiveCfg = Release|Any CPU
		{521EE5DE-6C69-42FD-9C4D-E1FD8F10B011}.Release|Any CPU.Build.0 = Release|Any CPU
	EndGlobalSection
	GlobalSection(SolutionProperties) = preSolution
		HideSolutionNode = FALSE
	EndGlobalSection
	GlobalSection(ExtensibilityGlobals) = postSolution
		SolutionGuid = {409870C8-A25C-4EA5-9B98-EB518B9F5B71}
	EndGlobalSection
EndGlobal
